
Microsoft Visual Studio Solution File, Format Version 12.00
# Visual Studio 15
Project("{FAE04EC0-301F-11D3-BF4B-00C04F79EFBC}") = "AstarPathfindingProject", "AstarPathfindingProject.csproj", "{5AF0F4B6-1413-3B75-5547-35427CE7C9BD}"
EndProject
Project("{FAE04EC0-301F-11D3-BF4B-00C04F79EFBC}") = "Assembly-CSharp", "Assembly-CSharp.csproj", "{CE85167F-6CAC-3AE0-45A8-717E89E25308}"
EndProject
Project("{FAE04EC0-301F-11D3-BF4B-00C04F79EFBC}") = "AstarPathfindingProjectEditor", "AstarPathfindingProjectEditor.csproj", "{CE6D9791-C162-0AEB-B1C0-6D7B22177C23}"
EndProject
Project("{FAE04EC0-301F-11D3-BF4B-00C04F79EFBC}") = "PackageToolsEditor", "PackageToolsEditor.csproj", "{13863FE5-82ED-9BE4-81C5-F9B10B2C3B04}"
EndProject
Global
	GlobalSection(SolutionConfigurationPlatforms) = preSolution
		Debug|Any CPU = Debug|Any CPU
		Release|Any CPU = Release|Any CPU
	EndGlobalSection
	GlobalSection(ProjectConfigurationPlatforms) = postSolution
		{5AF0F4B6-1413-3B75-5547-35427CE7C9BD}.Debug|Any CPU.ActiveCfg = Debug|Any CPU
		{5AF0F4B6-1413-3B75-5547-35427CE7C9BD}.Debug|Any CPU.Build.0 = Debug|Any CPU
		{5AF0F4B6-1413-3B75-5547-35427CE7C9BD}.Release|Any CPU.ActiveCfg = Release|Any CPU
		{5AF0F4B6-1413-3B75-5547-35427CE7C9BD}.Release|Any CPU.Build.0 = Release|Any CPU
		{CE85167F-6CAC-3AE0-45A8-717E89E25308}.Debug|Any CPU.ActiveCfg = Debug|Any CPU
		{CE85167F-6CAC-3AE0-45A8-717E89E25308}.Debug|Any CPU.Build.0 = Debug|Any CPU
		{CE85167F-6CAC-3AE0-45A8-717E89E25308}.Release|Any CPU.ActiveCfg = Release|Any CPU
		{CE85167F-6CAC-3AE0-45A8-717E89E25308}.Release|Any CPU.Build.0 = Release|Any CPU
		{CE6D9791-C162-0AEB-B1C0-6D7B22177C23}.Debug|Any CPU.ActiveCfg = Debug|Any CPU
		{CE6D9791-C162-0AEB-B1C0-6D7B22177C23}.Debug|Any CPU.Build.0 = Debug|Any CPU
		{CE6D9791-C162-0AEB-B1C0-6D7B22177C23}.Release|Any CPU.ActiveCfg = Release|Any CPU
		{CE6D9791-C162-0AEB-B1C0-6D7B22177C23}.Release|Any CPU.Build.0 = Release|Any CPU
		{13863FE5-82ED-9BE4-81C5-F9B10B2C3B04}.Debug|Any CPU.ActiveCfg = Debug|Any CPU
		{13863FE5-82ED-9BE4-81C5-F9B10B2C3B04}.Debug|Any CPU.Build.0 = Debug|Any CPU
		{13863FE5-82ED-9BE4-81C5-F9B10B2C3B04}.Release|Any CPU.ActiveCfg = Release|Any CPU
		{13863FE5-82ED-9BE4-81C5-F9B10B2C3B04}.Release|Any CPU.Build.0 = Release|Any CPU
	EndGlobalSection
	GlobalSection(SolutionProperties) = preSolution
		HideSolutionNode = FALSE
	EndGlobalSection
EndGlobal
